
Microsoft Visual Studio Solution File, Format Version 12.00
# Visual Studio Version 16
VisualStudioVersion = 16.0.30611.23
MinimumVisualStudioVersion = 10.0.40219.1
Project("{FAE04EC0-301F-11D3-BF4B-00C04F79EFBC}") = "CoelsaEntrevista.WebApi", "CoelsaEntrevista.WebApi\CoelsaEntrevista.WebApi.csproj", "{F12271E6-7F7E-4A5D-B75F-410B127FD6B1}"
EndProject
Global
	GlobalSection(SolutionConfigurationPlatforms) = preSolution
		Debug|Any CPU = Debug|Any CPU
		Release|Any CPU = Release|Any CPU
	EndGlobalSection
	GlobalSection(ProjectConfigurationPlatforms) = postSolution
		{F12271E6-7F7E-4A5D-B75F-410B127FD6B1}.Debug|Any CPU.ActiveCfg = Debug|Any CPU
		{F12271E6-7F7E-4A5D-B75F-410B127FD6B1}.Debug|Any CPU.Build.0 = Debug|Any CPU
		{F12271E6-7F7E-4A5D-B75F-410B127FD6B1}.Release|Any CPU.ActiveCfg = Release|Any CPU
		{F12271E6-7F7E-4A5D-B75F-410B127FD6B1}.Release|Any CPU.Build.0 = Release|Any CPU
	EndGlobalSection
	GlobalSection(SolutionProperties) = preSolution
		HideSolutionNode = FALSE
	EndGlobalSection
	GlobalSection(ExtensibilityGlobals) = postSolution
		SolutionGuid = {710AE0F3-4634-44D4-9C1E-D3C79AA19E71}
	EndGlobalSection
EndGlobal
